
Microsoft Visual Studio Solution File, Format Version 12.00
# Visual Studio Version 17
VisualStudioVersion = 17.10.34928.147
MinimumVisualStudioVersion = 10.0.40219.1
Project("{FAE04EC0-301F-11D3-BF4B-00C04F79EFBC}") = "CarExpenseCalculator.Console", "CarExpenseCalculator.Console\CarExpenseCalculator.Console.csproj", "{1E9917E4-4F6E-42FC-BD8D-CBD165333AC4}"
EndProject
Project("{FAE04EC0-301F-11D3-BF4B-00C04F79EFBC}") = "CarExpenseCalculator.Core", "CarExpenseCalculator.Core\CarExpenseCalculator.Core.csproj", "{0716D723-ED4C-4973-BC1B-6015E9FF7263}"
EndProject
Global
	GlobalSection(SolutionConfigurationPlatforms) = preSolution
		Debug|Any CPU = Debug|Any CPU
		Release|Any CPU = Release|Any CPU
	EndGlobalSection
	GlobalSection(ProjectConfigurationPlatforms) = postSolution
		{1E9917E4-4F6E-42FC-BD8D-CBD165333AC4}.Debug|Any CPU.ActiveCfg = Debug|Any CPU
		{1E9917E4-4F6E-42FC-BD8D-CBD165333AC4}.Debug|Any CPU.Build.0 = Debug|Any CPU
		{1E9917E4-4F6E-42FC-BD8D-CBD165333AC4}.Release|Any CPU.ActiveCfg = Release|Any CPU
		{1E9917E4-4F6E-42FC-BD8D-CBD165333AC4}.Release|Any CPU.Build.0 = Release|Any CPU
		{0716D723-ED4C-4973-BC1B-6015E9FF7263}.Debug|Any CPU.ActiveCfg = Debug|Any CPU
		{0716D723-ED4C-4973-BC1B-6015E9FF7263}.Debug|Any CPU.Build.0 = Debug|Any CPU
		{0716D723-ED4C-4973-BC1B-6015E9FF7263}.Release|Any CPU.ActiveCfg = Release|Any CPU
		{0716D723-ED4C-4973-BC1B-6015E9FF7263}.Release|Any CPU.Build.0 = Release|Any CPU
	EndGlobalSection
	GlobalSection(SolutionProperties) = preSolution
		HideSolutionNode = FALSE
	EndGlobalSection
	GlobalSection(ExtensibilityGlobals) = postSolution
		SolutionGuid = {E53DFD20-331B-40F1-9311-84E20ED0A319}
	EndGlobalSection
EndGlobal
